
Microsoft Visual Studio Solution File, Format Version 12.00
# Visual Studio Version 16
VisualStudioVersion = 16.0.29509.3
MinimumVisualStudioVersion = 10.0.40219.1
Project("{FAE04EC0-301F-11D3-BF4B-00C04F79EFBC}") = "TCSDemoProjectAlcoa", "TCSDemoProjectAlcoa.csproj", "{DE688B53-C0E9-4690-A050-A2C03B7D7662}"
EndProject
Global
	GlobalSection(SolutionConfigurationPlatforms) = preSolution
		Debug|Any CPU = Debug|Any CPU
		Release|Any CPU = Release|Any CPU
	EndGlobalSection
	GlobalSection(ProjectConfigurationPlatforms) = postSolution
		{DE688B53-C0E9-4690-A050-A2C03B7D7662}.Debug|Any CPU.ActiveCfg = Debug|Any CPU
		{DE688B53-C0E9-4690-A050-A2C03B7D7662}.Debug|Any CPU.Build.0 = Debug|Any CPU
		{DE688B53-C0E9-4690-A050-A2C03B7D7662}.Release|Any CPU.ActiveCfg = Release|Any CPU
		{DE688B53-C0E9-4690-A050-A2C03B7D7662}.Release|Any CPU.Build.0 = Release|Any CPU
	EndGlobalSection
	GlobalSection(SolutionProperties) = preSolution
		HideSolutionNode = FALSE
	EndGlobalSection
	GlobalSection(ExtensibilityGlobals) = postSolution
		SolutionGuid = {FA82E747-6AEF-4F88-A140-E2F328109216}
	EndGlobalSection
EndGlobal
